
Microsoft Visual Studio Solution File, Format Version 12.00
# Visual Studio Version 16
VisualStudioVersion = 16.0.34407.143
MinimumVisualStudioVersion = 10.0.40219.1
Project("{FAE04EC0-301F-11D3-BF4B-00C04F79EFBC}") = "Laura", "Laura\Laura.csproj", "{083CE603-D5FC-448F-99DF-F279A02FA5F6}"
EndProject
Global
	GlobalSection(SolutionConfigurationPlatforms) = preSolution
		Debug|Any CPU = Debug|Any CPU
		Release|Any CPU = Release|Any CPU
	EndGlobalSection
	GlobalSection(ProjectConfigurationPlatforms) = postSolution
		{083CE603-D5FC-448F-99DF-F279A02FA5F6}.Debug|Any CPU.ActiveCfg = Debug|Any CPU
		{083CE603-D5FC-448F-99DF-F279A02FA5F6}.Debug|Any CPU.Build.0 = Debug|Any CPU
		{083CE603-D5FC-448F-99DF-F279A02FA5F6}.Release|Any CPU.ActiveCfg = Release|Any CPU
		{083CE603-D5FC-448F-99DF-F279A02FA5F6}.Release|Any CPU.Build.0 = Release|Any CPU
	EndGlobalSection
	GlobalSection(SolutionProperties) = preSolution
		HideSolutionNode = FALSE
	EndGlobalSection
	GlobalSection(ExtensibilityGlobals) = postSolution
		SolutionGuid = {97536702-3913-415F-87F1-CE0724159C93}
	EndGlobalSection
EndGlobal
